{
  "name": "mindsync",
  "lockfileVersion": 3,
  "requires": true,
  "packages": {
    "": {
      "dependencies": {
        "@tanstack/react-query": "^5.73.3"
      }
    },
    "node_modules/@tanstack/query-core": {
      "version": "5.73.3",
      "resolved": "https://registry.npmjs.org/@tanstack/query-core/-/query-core-5.73.3.tgz",
      "integrity": "sha512-LUpsgVT3IkvOECdkQ3QD6esczSH71mAzH/LDZ2cu8j6w430v5W0JB1ulzsG8FFwFBd5fm/ePM2DFpg9TucRMgQ==",
      "license": "MIT",
      "funding": {
        "type": "github",
        "url": "https://github.com/sponsors/tannerlinsley"
      }
    },
    "node_modules/@tanstack/react-query": {
      "version": "5.73.3",
      "resolved": "https://registry.npmjs.org/@tanstack/react-query/-/react-query-5.73.3.tgz",
      "integrity": "sha512-umsAEsVsSSnrOZrstX/OlctdqkRZm6vPsetmbl241tdNo0jT3s+0bUoof9kCaTsPr/GopPlbJ1OYlrZj4toKzg==",
      "license": "MIT",
      "dependencies": {
        "@tanstack/query-core": "5.73.3"
      },
      "funding": {
        "type": "github",
        "url": "https://github.com/sponsors/tannerlinsley"
      },
      "peerDependencies": {
        "react": "^18 || ^19"
      }
    },
    "node_modules/react": {
      "version": "19.1.0",
      "resolved": "https://registry.npmjs.org/react/-/react-19.1.0.tgz",
      "integrity": "sha512-FS+XFBNvn3GTAWq26joslQgWNoFu08F4kl0J4CgdNKADkdSGXQyTCnKteIAJy96Br6YbpEU1LSzV5dYtjMkMDg==",
      "license": "MIT",
      "peer": true,
      "engines": {
        "node": ">=0.10.0"
      }
    }
  }
}
